// !$*UTF8*$!
{
	archiveVersion = 1;
	classes = {
	};
	objectVersion = 50;
	objects = {

/* Begin PBXBuildFile section */
		AB76A43825F79EDB007350DA /* demo.gif in Resources */ = {isa = PBXBuildFile; fileRef = AB76A43725F79EDB007350DA /* demo.gif */; };
		AB8F1DDB25EC199700C56F6B /* AppDelegate.swift in Sources */ = {isa = PBXBuildFile; fileRef = AB8F1DDA25EC199700C56F6B /* AppDelegate.swift */; };
		AB8F1DDD25EC199700C56F6B /* SceneDelegate.swift in Sources */ = {isa = PBXBuildFile; fileRef = AB8F1DDC25EC199700C56F6B /* SceneDelegate.swift */; };
		AB8F1DDF25EC199700C56F6B /* ViewController.swift in Sources */ = {isa = PBXBuildFile; fileRef = AB8F1DDE25EC199700C56F6B /* ViewController.swift */; };
		AB8F1DE225EC199700C56F6B /* Main.storyboard in Resources */ = {isa = PBXBuildFile; fileRef = AB8F1DE025EC199700C56F6B /* Main.storyboard */; };
		AB8F1DE425EC199800C56F6B /* Assets.xcassets in Resources */ = {isa = PBXBuildFile; fileRef = AB8F1DE325EC199800C56F6B /* Assets.xcassets */; };
		AB8F1DE725EC199800C56F6B /* LaunchScreen.storyboard in Resources */ = {isa = PBXBuildFile; fileRef = AB8F1DE525EC199800C56F6B /* LaunchScreen.storyboard */; };
		AB8FB5E825F53788008678DB /* CNNEmotions.mlmodel in Sources */ = {isa = PBXBuildFile; fileRef = AB8FB5E725F53788008678DB /* CNNEmotions.mlmodel */; };
/* End PBXBuildFile section */

/* Begin PBXFileReference section */
		AB76A43725F79EDB007350DA /* demo.gif */ = {isa = PBXFileReference; lastKnownFileType = image.gif; path = demo.gif; sourceTree = "<group>"; };
		AB8F1DD725EC199700C56F6B /* ARKit-CoreML-Emotion-Classification.app */ = {isa = PBXFileReference; explicitFileType = wrapper.application; includeInIndex = 0; path = "ARKit-CoreML-Emotion-Classification.app"; sourceTree = BUILT_PRODUCTS_DIR; };
		AB8F1DDA25EC199700C56F6B /* AppDelegate.swift */ = {isa = PBXFileReference; lastKnownFileType = sourcecode.swift; path = AppDelegate.swift; sourceTree = "<group>"; };
		AB8F1DDC25EC199700C56F6B /* SceneDelegate.swift */ = {isa = PBXFileReference; lastKnownFileType = sourcecode.swift; path = SceneDelegate.swift; sourceTree = "<group>"; };
		AB8F1DDE25EC199700C56F6B /* ViewController.swift */ = {isa = PBXFileReference; lastKnownFileType = sourcecode.swift; path = ViewController.swift; sourceTree = "<group>"; };
		AB8F1DE125EC199700C56F6B /* Base */ = {isa = PBXFileReference; lastKnownFileType = file.storyboard; name = Base; path = Base.lproj/Main.storyboard; sourceTree = "<group>"; };
		AB8F1DE325EC199800C56F6B /* Assets.xcassets */ = {isa = PBXFileReference; lastKnownFileType = folder.assetcatalog; path = Assets.xcassets; sourceTree = "<group>"; };
		AB8F1DE625EC199800C56F6B /* Base */ = {isa = PBXFileReference; lastKnownFileType = file.storyboard; name = Base; path = Base.lproj/LaunchScreen.storyboard; sourceTree = "<group>"; };
		AB8F1DE825EC199800C56F6B /* Info.plist */ = {isa = PBXFileReference; lastKnownFileType = text.plist.xml; path = Info.plist; sourceTree = "<group>"; };
		AB8FB5E725F53788008678DB /* CNNEmotions.mlmodel */ = {isa = PBXFileReference; lastKnownFileType = file.mlmodel; path = CNNEmotions.mlmodel; sourceTree = "<group>"; };
/* End PBXFileReference section */

/* Begin PBXFrameworksBuildPhase section */
		AB8F1DD425EC199700C56F6B /* Frameworks */ = {
			isa = PBXFrameworksBuildPhase;
			buildActionMask = 2147483647;
			files = (
			);
			runOnlyForDeploymentPostprocessing = 0;
		};
/* End PBXFrameworksBuildPhase section */

/* Begin PBXGroup section */
		AB8F1DCE25EC199700C56F6B = {
			isa = PBXGroup;
			children = (
				AB8F1DD925EC199700C56F6B /* ARKit-CoreML-Emotion-Classification */,
				AB8F1DD825EC199700C56F6B /* Products */,
			);
			sourceTree = "<group>";
		};
		AB8F1DD825EC199700C56F6B /* Products */ = {
			isa = PBXGroup;
			children = (
				AB8F1DD725EC199700C56F6B /* ARKit-CoreML-Emotion-Classification.app */,
			);
			name = Products;
			sourceTree = "<group>";
		};
		AB8F1DD925EC199700C56F6B /* ARKit-CoreML-Emotion-Classification */ = {
			isa = PBXGroup;
			children = (
				AB8F1DDA25EC199700C56F6B /* AppDelegate.swift */,
				AB8F1DDC25EC199700C56F6B /* SceneDelegate.swift */,
				AB8F1DDE25EC199700C56F6B /* ViewController.swift */,
				AB8F1DE025EC199700C56F6B /* Main.storyboard */,
				AB8F1DE325EC199800C56F6B /* Assets.xcassets */,
				AB8F1DE525EC199800C56F6B /* LaunchScreen.storyboard */,
				AB8FB5E725F53788008678DB /* CNNEmotions.mlmodel */,
				AB8F1DE825EC199800C56F6B /* Info.plist */,
				AB76A43725F79EDB007350DA /* demo.gif */,
			);
			path = "ARKit-CoreML-Emotion-Classification";
			sourceTree = "<group>";
		};
/* End PBXGroup section */

/* Begin PBXNativeTarget section */
		AB8F1DD625EC199700C56F6B /* ARKit-CoreML-Emotion-Classification */ = {
			isa = PBXNativeTarget;
			buildConfigurationList = AB8F1DEB25EC199800C56F6B /* Build configuration list for PBXNativeTarget "ARKit-CoreML-Emotion-Classification" */;
			buildPhases = (
				AB8F1DD325EC199700C56F6B /* Sources */,
				AB8F1DD425EC199700C56F6B /* Frameworks */,
				AB8F1DD525EC199700C56F6B /* Resources */,
			);
			buildRules = (
			);
			dependencies = (
			);
			name = "ARKit-CoreML-Emotion-Classification";
			productName = "ARKit-CoreML-Face-Classification";
			productReference = AB8F1DD725EC199700C56F6B /* ARKit-CoreML-Emotion-Classification.app */;
			productType = "com.apple.product-type.application";
		};
/* End PBXNativeTarget section */

/* Begin PBXProject section */
		AB8F1DCF25EC199700C56F6B /* Project object */ = {
			isa = PBXProject;
			attributes = {
				LastSwiftUpdateCheck = 1240;
				LastUpgradeCheck = 1240;
				TargetAttributes = {
					AB8F1DD625EC199700C56F6B = {
						CreatedOnToolsVersion = 12.4;
					};
				};
			};
			buildConfigurationList = AB8F1DD225EC199700C56F6B /* Build configuration list for PBXProject "ARKit-CoreML-Emotion-Classification" */;
			compatibilityVersion = "Xcode 9.3";
			developmentRegion = en;
			hasScannedForEncodings = 0;
			knownRegions = (
				en,
				Base,
			);
			mainGroup = AB8F1DCE25EC199700C56F6B;
			productRefGroup = AB8F1DD825EC199700C56F6B /* Products */;
			projectDirPath = "";
			projectRoot = "";
			targets = (
				AB8F1DD625EC199700C56F6B /* ARKit-CoreML-Emotion-Classification */,
			);
		};
/* End PBXProject section */

/* Begin PBXResourcesBuildPhase section */
		AB8F1DD525EC199700C56F6B /* Resources */ = {
			isa = PBXResourcesBuildPhase;
			buildActionMask = 2147483647;
			files = (
				AB76A43825F79EDB007350DA /* demo.gif in Resources */,
				AB8F1DE725EC199800C56F6B /* LaunchScreen.storyboard in Resources */,
				AB8F1DE425EC199800C56F6B /* Assets.xcassets in Resources */,
				AB8F1DE225EC199700C56F6B /* Main.storyboard in Resources */,
			);
			runOnlyForDeploymentPostprocessing = 0;
		};
/* End PBXResourcesBuildPhase section */

/* Begin PBXSourcesBuildPhase section */
		AB8F1DD325EC199700C56F6B /* Sources */ = {
			isa = PBXSourcesBuildPhase;
			buildActionMask = 2147483647;
			files = (
				AB8F1DDF25EC199700C56F6B /* ViewController.swift in Sources */,
				AB8FB5E825F53788008678DB /* CNNEmotions.mlmodel in Sources */,
				AB8F1DDB25EC199700C56F6B /* AppDelegate.swift in Sources */,
				AB8F1DDD25EC199700C56F6B /* SceneDelegate.swift in Sources */,
			);
			runOnlyForDeploymentPostprocessing = 0;
		};
/* End PBXSourcesBuildPhase section */

/* Begin PBXVariantGroup section */
		AB8F1DE025EC199700C56F6B /* Main.storyboard */ = {
			isa = PBXVariantGroup;
			children = (
				AB8F1DE125EC199700C56F6B /* Base */,
			);
			name = Main.storyboard;
			sourceTree = "<group>";
		};
		AB8F1DE525EC199800C56F6B /* LaunchScreen.storyboard */ = {
			isa = PBXVariantGroup;
			children = (
				AB8F1DE625EC199800C56F6B /* Base */,
			);
			name = LaunchScreen.storyboard;
			sourceTree = "<group>";
		};
/* End PBXVariantGroup section */

/* Begin XCBuildConfiguration section */
		AB8F1DE925EC199800C56F6B /* Debug */ = {
			isa = XCBuildConfiguration;
			buildSettings = {
				ALWAYS_SEARCH_USER_PATHS = NO;
				CLANG_ANALYZER_NONNULL = YES;
				CLANG_ANALYZER_NUMBER_OBJECT_CONVERSION = YES_AGGRESSIVE;
				CLANG_CXX_LANGUAGE_STANDARD = "gnu++14";
				CLANG_CXX_LIBRARY = "libc++";
				CLANG_ENABLE_MODULES = YES;
				CLANG_ENABLE_OBJC_ARC = YES;
				CLANG_ENABLE_OBJC_WEAK = YES;
				CLANG_WARN_BLOCK_CAPTURE_AUTORELEASING = YES;
				CLANG_WARN_BOOL_CONVERSION = YES;
				CLANG_WARN_COMMA = YES;
				CLANG_WARN_CONSTANT_CONVERSION = YES;
				CLANG_WARN_DEPRECATED_OBJC_IMPLEMENTATIONS = YES;
				CLANG_WARN_DIRECT_OBJC_ISA_USAGE = YES_ERROR;
				CLANG_WARN_DOCUMENTATION_COMMENTS = YES;
				CLANG_WARN_EMPTY_BODY = YES;
				CLANG_WARN_ENUM_CONVERSION = YES;
				CLANG_WARN_INFINITE_RECURSION = YES;
				CLANG_WARN_INT_CONVERSION = YES;
				CLANG_WARN_NON_LITERAL_NULL_CONVERSION = YES;
				CLANG_WARN_OBJC_IMPLICIT_RETAIN_SELF = YES;
				CLANG_WARN_OBJC_LITERAL_CONVERSION = YES;
				CLANG_WARN_OBJC_ROOT_CLASS = YES_ERROR;
				CLANG_WARN_QUOTED_INCLUDE_IN_FRAMEWORK_HEADER = YES;
				CLANG_WARN_RANGE_LOOP_ANALYSIS = YES;
				CLANG_WARN_STRICT_PROTOTYPES = YES;
				CLANG_WARN_SUSPICIOUS_MOVE = YES;
				CLANG_WARN_UNGUARDED_AVAILABILITY = YES_AGGRESSIVE;
				CLANG_WARN_UNREACHABLE_CODE = YES;
				CLANG_WARN__DUPLICATE_METHOD_MATCH = YES;
				COPY_PHASE_STRIP = NO;
				DEBUG_INFORMATION_FORMAT = dwarf;
				ENABLE_STRICT_OBJC_MSGSEND = YES;
				ENABLE_TESTABILITY = YES;
				GCC_C_LANGUAGE_STANDARD = gnu11;
				GCC_DYNAMIC_NO_PIC = NO;
				GCC_NO_COMMON_BLOCKS = YES;
				GCC_OPTIMIZATION_LEVEL = 0;
				GCC_PREPROCESSOR_DEFINITIONS = (
					"DEBUG=1",
					"$(inherited)",
				);
				GCC_WARN_64_TO_32_BIT_CONVERSION = YES;
				GCC_WARN_ABOUT_RETURN_TYPE = YES_ERROR;
				GCC_WARN_UNDECLARED_SELECTOR = YES;
				GCC_WARN_UNINITIALIZED_AUTOS = YES_AGGRESSIVE;
				GCC_WARN_UNUSED_FUNCTION = YES;
				GCC_WARN_UNUSED_VARIABLE = YES;
				IPHONEOS_DEPLOYMENT_TARGET = 14.4;
				MTL_ENABLE_DEBUG_INFO = INCLUDE_SOURCE;
				MTL_FAST_MATH = YES;
				ONLY_ACTIVE_ARCH = YES;
				SDKROOT = iphoneos;
				SWIFT_ACTIVE_COMPILATION_CONDITIONS = DEBUG;
				SWIFT_OPTIMIZATION_LEVEL = "-Onone";
			};
			name = Debug;
		};
		AB8F1DEA25EC199800C56F6B /* Release */ = {
			isa = XCBuildConfiguration;
			buildSettings = {
				ALWAYS_SEARCH_USER_PATHS = NO;
				CLANG_ANALYZER_NONNULL = YES;
				CLANG_ANALYZER_NUMBER_OBJECT_CONVERSION = YES_AGGRESSIVE;
				CLANG_CXX_LANGUAGE_STANDARD = "gnu++14";
				CLANG_CXX_LIBRARY = "libc++";
				CLANG_ENABLE_MODULES = YES;
				CLANG_ENABLE_OBJC_ARC = YES;
				CLANG_ENABLE_OBJC_WEAK = YES;
				CLANG_WARN_BLOCK_CAPTURE_AUTORELEASING = YES;
				CLANG_WARN_BOOL_CONVERSION = YES;
				CLANG_WARN_COMMA = YES;
				CLANG_WARN_CONSTANT_CONVERSION = YES;
				CLANG_WARN_DEPRECATED_OBJC_IMPLEMENTATIONS = YES;
				CLANG_WARN_DIRECT_OBJC_ISA_USAGE = YES_ERROR;
				CLANG_WARN_DOCUMENTATION_COMMENTS = YES;
				CLANG_WARN_EMPTY_BODY = YES;
				CLANG_WARN_ENUM_CONVERSION = YES;
				CLANG_WARN_INFINITE_RECURSION = YES;
				CLANG_WARN_INT_CONVERSION = YES;
				CLANG_WARN_NON_LITERAL_NULL_CONVERSION = YES;
				CLANG_WARN_OBJC_IMPLICIT_RETAIN_SELF = YES;
				CLANG_WARN_OBJC_LITERAL_CONVERSION = YES;
				CLANG_WARN_OBJC_ROOT_CLASS = YES_ERROR;
				CLANG_WARN_QUOTED_INCLUDE_IN_FRAMEWORK_HEADER = YES;
				CLANG_WARN_RANGE_LOOP_ANALYSIS = YES;
				CLANG_WARN_STRICT_PROTOTYPES = YES;
				CLANG_WARN_SUSPICIOUS_MOVE = YES;
				CLANG_WARN_UNGUARDED_AVAILABILITY = YES_AGGRESSIVE;
				CLANG_WARN_UNREACHABLE_CODE = YES;
				CLANG_WARN__DUPLICATE_METHOD_MATCH = YES;
				COPY_PHASE_STRIP = NO;
				DEBUG_INFORMATION_FORMAT = "dwarf-with-dsym";
				ENABLE_NS_ASSERTIONS = NO;
				ENABLE_STRICT_OBJC_MSGSEND = YES;
				GCC_C_LANGUAGE_STANDARD = gnu11;
				GCC_NO_COMMON_BLOCKS = YES;
				GCC_WARN_64_TO_32_BIT_CONVERSION = YES;
				GCC_WARN_ABOUT_RETURN_TYPE = YES_ERROR;
				GCC_WARN_UNDECLARED_SELECTOR = YES;
				GCC_WARN_UNINITIALIZED_AUTOS = YES_AGGRESSIVE;
				GCC_WARN_UNUSED_FUNCTION = YES;
				GCC_WARN_UNUSED_VARIABLE = YES;
				IPHONEOS_DEPLOYMENT_TARGET = 14.4;
				MTL_ENABLE_DEBUG_INFO = NO;
				MTL_FAST_MATH = YES;
				SDKROOT = iphoneos;
				SWIFT_COMPILATION_MODE = wholemodule;
				SWIFT_OPTIMIZATION_LEVEL = "-O";
				VALIDATE_PRODUCT = YES;
			};
			name = Release;
		};
		AB8F1DEC25EC199800C56F6B /* Debug */ = {
			isa = XCBuildConfiguration;
			buildSettings = {
				ASSETCATALOG_COMPILER_APPICON_NAME = AppIcon;
				ASSETCATALOG_COMPILER_GLOBAL_ACCENT_COLOR_NAME = AccentColor;
				CODE_SIGN_STYLE = Automatic;
				DEVELOPMENT_TEAM = V7C3R87KYJ;
				INFOPLIST_FILE = "ARKit-CoreML-Emotion-Classification/Info.plist";
				IPHONEOS_DEPLOYMENT_TARGET = 13.0;
				LD_RUNPATH_SEARCH_PATHS = (
					"$(inherited)",
					"@executable_path/Frameworks",
				);
				PRODUCT_BUNDLE_IDENTIFIER = "bogdan-razvan.ARKit-CoreML-Face-Classification";
				PRODUCT_NAME = "$(TARGET_NAME)";
				SWIFT_VERSION = 5.0;
				TARGETED_DEVICE_FAMILY = 1;
			};
			name = Debug;
		};
		AB8F1DED25EC199800C56F6B /* Release */ = {
			isa = XCBuildConfiguration;
			buildSettings = {
				ASSETCATALOG_COMPILER_APPICON_NAME = AppIcon;
				ASSETCATALOG_COMPILER_GLOBAL_ACCENT_COLOR_NAME = AccentColor;
				CODE_SIGN_STYLE = Automatic;
				DEVELOPMENT_TEAM = V7C3R87KYJ;
				INFOPLIST_FILE = "ARKit-CoreML-Emotion-Classification/Info.plist";
				IPHONEOS_DEPLOYMENT_TARGET = 13.0;
				LD_RUNPATH_SEARCH_PATHS = (
					"$(inherited)",
					"@executable_path/Frameworks",
				);
				PRODUCT_BUNDLE_IDENTIFIER = "bogdan-razvan.ARKit-CoreML-Face-Classification";
				PRODUCT_NAME = "$(TARGET_NAME)";
				SWIFT_VERSION = 5.0;
				TARGETED_DEVICE_FAMILY = 1;
			};
			name = Release;
		};
/* End XCBuildConfiguration section */

/* Begin XCConfigurationList section */
		AB8F1DD225EC199700C56F6B /* Build configuration list for PBXProject "ARKit-CoreML-Emotion-Classification" */ = {
			isa = XCConfigurationList;
			buildConfigurations = (
				AB8F1DE925EC199800C56F6B /* Debug */,
				AB8F1DEA25EC199800C56F6B /* Release */,
			);
			defaultConfigurationIsVisible = 0;
			defaultConfigurationName = Release;
		};
		AB8F1DEB25EC199800C56F6B /* Build configuration list for PBXNativeTarget "ARKit-CoreML-Emotion-Classification" */ = {
			isa = XCConfigurationList;
			buildConfigurations = (
				AB8F1DEC25EC199800C56F6B /* Debug */,
				AB8F1DED25EC199800C56F6B /* Release */,
			);
			defaultConfigurationIsVisible = 0;
			defaultConfigurationName = Release;
		};
/* End XCConfigurationList section */
	};
	rootObject = AB8F1DCF25EC199700C56F6B /* Project object */;
}
